
Microsoft Visual Studio Solution File, Format Version 12.00
Project("{FAE04EC0-301F-11D3-BF4B-00C04F79EFBC}") = "ApiTempoDio", "ApiTempoDio.csproj", "{3071C8EC-165C-4A12-A5B2-10B0640BD3D7}"
EndProject
Global
	GlobalSection(SolutionConfigurationPlatforms) = preSolution
		Debug|Any CPU = Debug|Any CPU
		Release|Any CPU = Release|Any CPU
	EndGlobalSection
	GlobalSection(ProjectConfigurationPlatforms) = postSolution
		{3071C8EC-165C-4A12-A5B2-10B0640BD3D7}.Debug|Any CPU.ActiveCfg = Debug|Any CPU
		{3071C8EC-165C-4A12-A5B2-10B0640BD3D7}.Debug|Any CPU.Build.0 = Debug|Any CPU
		{3071C8EC-165C-4A12-A5B2-10B0640BD3D7}.Release|Any CPU.ActiveCfg = Release|Any CPU
		{3071C8EC-165C-4A12-A5B2-10B0640BD3D7}.Release|Any CPU.Build.0 = Release|Any CPU
	EndGlobalSection
EndGlobal
