
Microsoft Visual Studio Solution File, Format Version 12.00
# Visual Studio Version 17
VisualStudioVersion = 17.5.002.0
MinimumVisualStudioVersion = 10.0.40219.1
Project("{9A19103F-16F7-4668-BE54-9A1E7A4F7556}") = "httpValidateCpf", "httpValidateCpf.csproj", "{CF2DE00B-C342-47A7-A227-F9626E4B21E2}"
EndProject
Global
	GlobalSection(SolutionConfigurationPlatforms) = preSolution
		Debug|Any CPU = Debug|Any CPU
		Release|Any CPU = Release|Any CPU
	EndGlobalSection
	GlobalSection(ProjectConfigurationPlatforms) = postSolution
		{CF2DE00B-C342-47A7-A227-F9626E4B21E2}.Debug|Any CPU.ActiveCfg = Debug|Any CPU
		{CF2DE00B-C342-47A7-A227-F9626E4B21E2}.Debug|Any CPU.Build.0 = Debug|Any CPU
		{CF2DE00B-C342-47A7-A227-F9626E4B21E2}.Release|Any CPU.ActiveCfg = Release|Any CPU
		{CF2DE00B-C342-47A7-A227-F9626E4B21E2}.Release|Any CPU.Build.0 = Release|Any CPU
	EndGlobalSection
	GlobalSection(SolutionProperties) = preSolution
		HideSolutionNode = FALSE
	EndGlobalSection
	GlobalSection(ExtensibilityGlobals) = postSolution
		SolutionGuid = {5E675437-4933-40AD-8F52-3B2F7F3EAE26}
	EndGlobalSection
EndGlobal
